// !$*UTF8*$!
{
	archiveVersion = 1;
	classes = {
	};
	objectVersion = 42;
	objects = {

/* Begin PBXBuildFile section */
		5307C7A90BED2F8300AD99B2 /* Credits.rtf in Resources */ = {isa = PBXBuildFile; fileRef = 5307C7A80BED2F8300AD99B2 /* Credits.rtf */; };
		535024D00B3ACD370012DAE7 /* classic.png in Resources */ = {isa = PBXBuildFile; fileRef = 535024CC0B3ACD370012DAE7 /* classic.png */; };
		535024F10B3ACE7A0012DAE7 /* Desdemona.m in Sources */ = {isa = PBXBuildFile; fileRef = 535024F00B3ACE7A0012DAE7 /* Desdemona.m */; };
		5362B2440C8A2CBF005A0C19 /* AlphaBeta.framework in Frameworks */ = {isa = PBXBuildFile; fileRef = 5362B2360C8A2BDB005A0C19 /* AlphaBeta.framework */; };
		5362B2450C8A2CC1005A0C19 /* SBReversi.framework in Frameworks */ = {isa = PBXBuildFile; fileRef = 5362B2380C8A2BDB005A0C19 /* SBReversi.framework */; };
		5374CA420CBB639B00CBAA1E /* AlphaBeta.framework in CopyFiles */ = {isa = PBXBuildFile; fileRef = 5362B2360C8A2BDB005A0C19 /* AlphaBeta.framework */; };
		5374CA470CBB639F00CBAA1E /* SBReversi.framework in CopyFiles */ = {isa = PBXBuildFile; fileRef = 5362B2380C8A2BDB005A0C19 /* SBReversi.framework */; };
		539AB00B0BECD25400908522 /* Sparkle.framework in Frameworks */ = {isa = PBXBuildFile; fileRef = 539AB00A0BECD25400908522 /* Sparkle.framework */; };
		539AB0490BECD34100908522 /* Sparkle.framework in CopyFiles */ = {isa = PBXBuildFile; fileRef = 539AB00A0BECD25400908522 /* Sparkle.framework */; };
		8D11072A0486CEB800E47090 /* MainMenu.nib in Resources */ = {isa = PBXBuildFile; fileRef = 29B97318FDCFA39411CA2CEA /* MainMenu.nib */; };
		8D11072B0486CEB800E47090 /* InfoPlist.strings in Resources */ = {isa = PBXBuildFile; fileRef = 089C165CFE840E0CC02AAC07 /* InfoPlist.strings */; };
		8D11072D0486CEB800E47090 /* main.m in Sources */ = {isa = PBXBuildFile; fileRef = 29B97316FDCFA39411CA2CEA /* main.m */; settings = {ATTRIBUTES = (); }; };
		8D11072F0486CEB800E47090 /* Cocoa.framework in Frameworks */ = {isa = PBXBuildFile; fileRef = 1058C7A1FEA54F0111CA2CBB /* Cocoa.framework */; };
		E7D0C03D0CBFA2F3002BD434 /* NSImage+Tiles.h in CopyFiles */ = {isa = PBXBuildFile; fileRef = E7D0C03B0CBFA2F3002BD434 /* NSImage+Tiles.h */; };
		E7D0C03E0CBFA2F3002BD434 /* NSImage+Tiles.m in Sources */ = {isa = PBXBuildFile; fileRef = E7D0C03C0CBFA2F3002BD434 /* NSImage+Tiles.m */; };
		E7F02D040CFDCF8600C78120 /* DesdemonaState.m in Sources */ = {isa = PBXBuildFile; fileRef = E7F02D030CFDCF8600C78120 /* DesdemonaState.m */; };
		E7F02D090CFDD37900C78120 /* ComputerTurn.m in Sources */ = {isa = PBXBuildFile; fileRef = E7F02D080CFDD37900C78120 /* ComputerTurn.m */; };
		E7F02D0B0CFDD46200C78120 /* HumanTurn.m in Sources */ = {isa = PBXBuildFile; fileRef = E7F02D0A0CFDD46200C78120 /* HumanTurn.m */; };
/* End PBXBuildFile section */

/* Begin PBXContainerItemProxy section */
		5362B2350C8A2BDB005A0C19 /* PBXContainerItemProxy */ = {
			isa = PBXContainerItemProxy;
			containerPortal = 53350E350BC07C3800E83830 /* AlphaBeta.xcodeproj */;
			proxyType = 2;
			remoteGlobalIDString = 8DC2EF5B0486A6940098B216;
			remoteInfo = AlphaBeta;
		};
		5362B2370C8A2BDB005A0C19 /* PBXContainerItemProxy */ = {
			isa = PBXContainerItemProxy;
			containerPortal = 53350E350BC07C3800E83830 /* AlphaBeta.xcodeproj */;
			proxyType = 2;
			remoteGlobalIDString = 535024600B3AC2D90012DAE7;
			remoteInfo = SBReversi;
		};
		5362B2390C8A2BDB005A0C19 /* PBXContainerItemProxy */ = {
			isa = PBXContainerItemProxy;
			containerPortal = 53350E350BC07C3800E83830 /* AlphaBeta.xcodeproj */;
			proxyType = 2;
			remoteGlobalIDString = 535023DF0B3AB87F0012DAE7;
			remoteInfo = TTT;
		};
		5362B23B0C8A2BDB005A0C19 /* PBXContainerItemProxy */ = {
			isa = PBXContainerItemProxy;
			containerPortal = 53350E350BC07C3800E83830 /* AlphaBeta.xcodeproj */;
			proxyType = 2;
			remoteGlobalIDString = 535023F40B3AB9000012DAE7;
			remoteInfo = Tests;
		};
		5362B23D0C8A2BDB005A0C19 /* PBXContainerItemProxy */ = {
			isa = PBXContainerItemProxy;
			containerPortal = 53350E350BC07C3800E83830 /* AlphaBeta.xcodeproj */;
			proxyType = 2;
			remoteGlobalIDString = 5305DF520C81A8A1009D7D04;
			remoteInfo = ReversiProfile;
		};
		5362B25A0C8A2D3D005A0C19 /* PBXContainerItemProxy */ = {
			isa = PBXContainerItemProxy;
			containerPortal = 53350E350BC07C3800E83830 /* AlphaBeta.xcodeproj */;
			proxyType = 1;
			remoteGlobalIDString = 8DC2EF4F0486A6940098B216;
			remoteInfo = AlphaBeta;
		};
		5362B25C0C8A2D3D005A0C19 /* PBXContainerItemProxy */ = {
			isa = PBXContainerItemProxy;
			containerPortal = 53350E350BC07C3800E83830 /* AlphaBeta.xcodeproj */;
			proxyType = 1;
			remoteGlobalIDString = 5350245F0B3AC2D90012DAE7;
			remoteInfo = SBReversi;
		};
/* End PBXContainerItemProxy section */

/* Begin PBXCopyFilesBuildPhase section */
		535026150B3AFC8B0012DAE7 /* CopyFiles */ = {
			isa = PBXCopyFilesBuildPhase;
			buildActionMask = 2147483647;
			dstPath = "";
			dstSubfolderSpec = 10;
			files = (
				5374CA420CBB639B00CBAA1E /* AlphaBeta.framework in CopyFiles */,
				5374CA470CBB639F00CBAA1E /* SBReversi.framework in CopyFiles */,
				539AB0490BECD34100908522 /* Sparkle.framework in CopyFiles */,
				E7D0C03D0CBFA2F3002BD434 /* NSImage+Tiles.h in CopyFiles */,
			);
			runOnlyForDeploymentPostprocessing = 0;
		};
/* End PBXCopyFilesBuildPhase section */

/* Begin PBXFileReference section */
		089C165DFE840E0CC02AAC07 /* English */ = {isa = PBXFileReference; fileEncoding = 10; lastKnownFileType = text.plist.strings; name = English; path = English.lproj/InfoPlist.strings; sourceTree = "<group>"; };
		1058C7A1FEA54F0111CA2CBB /* Cocoa.framework */ = {isa = PBXFileReference; lastKnownFileType = wrapper.framework; name = Cocoa.framework; path = /System/Library/Frameworks/Cocoa.framework; sourceTree = "<absolute>"; };
		13E42FB307B3F0F600E4EEF1 /* CoreData.framework */ = {isa = PBXFileReference; lastKnownFileType = wrapper.framework; name = CoreData.framework; path = /System/Library/Frameworks/CoreData.framework; sourceTree = "<absolute>"; };
		29B97316FDCFA39411CA2CEA /* main.m */ = {isa = PBXFileReference; fileEncoding = 4; lastKnownFileType = sourcecode.c.objc; path = main.m; sourceTree = "<group>"; };
		29B97319FDCFA39411CA2CEA /* English */ = {isa = PBXFileReference; lastKnownFileType = wrapper.nib; name = English; path = English.lproj/MainMenu.nib; sourceTree = "<group>"; };
		29B97324FDCFA39411CA2CEA /* AppKit.framework */ = {isa = PBXFileReference; lastKnownFileType = wrapper.framework; name = AppKit.framework; path = /System/Library/Frameworks/AppKit.framework; sourceTree = "<absolute>"; };
		29B97325FDCFA39411CA2CEA /* Foundation.framework */ = {isa = PBXFileReference; lastKnownFileType = wrapper.framework; name = Foundation.framework; path = /System/Library/Frameworks/Foundation.framework; sourceTree = "<absolute>"; };
		32CA4F630368D1EE00C91783 /* Desdemona_Prefix.pch */ = {isa = PBXFileReference; fileEncoding = 4; lastKnownFileType = sourcecode.c.h; path = Desdemona_Prefix.pch; sourceTree = "<group>"; };
		5307C7A80BED2F8300AD99B2 /* Credits.rtf */ = {isa = PBXFileReference; lastKnownFileType = text.rtf; path = Credits.rtf; sourceTree = "<group>"; };
		53350E350BC07C3800E83830 /* AlphaBeta.xcodeproj */ = {isa = PBXFileReference; lastKnownFileType = "wrapper.pb-project"; name = AlphaBeta.xcodeproj; path = vendor/AlphaBeta/AlphaBeta.xcodeproj; sourceTree = SOURCE_ROOT; };
		53350E690BC07DED00E83830 /* AlphaBeta.framework */ = {isa = PBXFileReference; explicitFileType = wrapper.framework; includeInIndex = 0; path = AlphaBeta.framework; sourceTree = BUILT_PRODUCTS_DIR; };
		535024CC0B3ACD370012DAE7 /* classic.png */ = {isa = PBXFileReference; lastKnownFileType = image.png; path = classic.png; sourceTree = "<group>"; };
		535024EF0B3ACE7A0012DAE7 /* Desdemona.h */ = {isa = PBXFileReference; fileEncoding = 4; lastKnownFileType = sourcecode.c.h; path = Desdemona.h; sourceTree = "<group>"; };
		535024F00B3ACE7A0012DAE7 /* Desdemona.m */ = {isa = PBXFileReference; fileEncoding = 4; lastKnownFileType = sourcecode.c.objc; path = Desdemona.m; sourceTree = "<group>"; };
		539AB00A0BECD25400908522 /* Sparkle.framework */ = {isa = PBXFileReference; lastKnownFileType = wrapper.framework; name = Sparkle.framework; path = /Library/Frameworks/Sparkle.framework; sourceTree = "<absolute>"; };
		8D1107310486CEB800E47090 /* Info.plist */ = {isa = PBXFileReference; fileEncoding = 4; lastKnownFileType = text.plist; path = Info.plist; sourceTree = "<group>"; };
		8D1107320486CEB800E47090 /* Desdemona.app */ = {isa = PBXFileReference; explicitFileType = wrapper.application; includeInIndex = 0; path = Desdemona.app; sourceTree = BUILT_PRODUCTS_DIR; };
		E7D0C03B0CBFA2F3002BD434 /* NSImage+Tiles.h */ = {isa = PBXFileReference; fileEncoding = 4; lastKnownFileType = sourcecode.c.h; path = "NSImage+Tiles.h"; sourceTree = "<group>"; };
		E7D0C03C0CBFA2F3002BD434 /* NSImage+Tiles.m */ = {isa = PBXFileReference; fileEncoding = 4; lastKnownFileType = sourcecode.c.objc; path = "NSImage+Tiles.m"; sourceTree = "<group>"; };
		E7F02D020CFDCF8600C78120 /* DesdemonaState.h */ = {isa = PBXFileReference; fileEncoding = 4; lastKnownFileType = sourcecode.c.h; path = DesdemonaState.h; sourceTree = "<group>"; };
		E7F02D030CFDCF8600C78120 /* DesdemonaState.m */ = {isa = PBXFileReference; fileEncoding = 4; lastKnownFileType = sourcecode.c.objc; path = DesdemonaState.m; sourceTree = "<group>"; };
		E7F02D080CFDD37900C78120 /* ComputerTurn.m */ = {isa = PBXFileReference; fileEncoding = 4; lastKnownFileType = sourcecode.c.objc; path = ComputerTurn.m; sourceTree = "<group>"; };
		E7F02D0A0CFDD46200C78120 /* HumanTurn.m */ = {isa = PBXFileReference; fileEncoding = 4; lastKnownFileType = sourcecode.c.objc; path = HumanTurn.m; sourceTree = "<group>"; };
/* End PBXFileReference section */

/* Begin PBXFrameworksBuildPhase section */
		8D11072E0486CEB800E47090 /* Frameworks */ = {
			isa = PBXFrameworksBuildPhase;
			buildActionMask = 2147483647;
			files = (
				8D11072F0486CEB800E47090 /* Cocoa.framework in Frameworks */,
				539AB00B0BECD25400908522 /* Sparkle.framework in Frameworks */,
				5362B2440C8A2CBF005A0C19 /* AlphaBeta.framework in Frameworks */,
				5362B2450C8A2CC1005A0C19 /* SBReversi.framework in Frameworks */,
			);
			runOnlyForDeploymentPostprocessing = 0;
		};
/* End PBXFrameworksBuildPhase section */

/* Begin PBXGroup section */
		080E96DDFE201D6D7F000001 /* Classes */ = {
			isa = PBXGroup;
			children = (
				E7D0C03B0CBFA2F3002BD434 /* NSImage+Tiles.h */,
				E7D0C03C0CBFA2F3002BD434 /* NSImage+Tiles.m */,
				535024EF0B3ACE7A0012DAE7 /* Desdemona.h */,
				535024F00B3ACE7A0012DAE7 /* Desdemona.m */,
				E7F02D020CFDCF8600C78120 /* DesdemonaState.h */,
				E7F02D030CFDCF8600C78120 /* DesdemonaState.m */,
				E7F02D080CFDD37900C78120 /* ComputerTurn.m */,
				E7F02D0A0CFDD46200C78120 /* HumanTurn.m */,
			);
			name = Classes;
			sourceTree = "<group>";
		};
		1058C7A0FEA54F0111CA2CBB /* Linked Frameworks */ = {
			isa = PBXGroup;
			children = (
				539AB00A0BECD25400908522 /* Sparkle.framework */,
				1058C7A1FEA54F0111CA2CBB /* Cocoa.framework */,
			);
			name = "Linked Frameworks";
			sourceTree = "<group>";
		};
		1058C7A2FEA54F0111CA2CBB /* Other Frameworks */ = {
			isa = PBXGroup;
			children = (
				29B97324FDCFA39411CA2CEA /* AppKit.framework */,
				13E42FB307B3F0F600E4EEF1 /* CoreData.framework */,
				29B97325FDCFA39411CA2CEA /* Foundation.framework */,
			);
			name = "Other Frameworks";
			sourceTree = "<group>";
		};
		19C28FACFE9D520D11CA2CBB /* Products */ = {
			isa = PBXGroup;
			children = (
				8D1107320486CEB800E47090 /* Desdemona.app */,
				53350E690BC07DED00E83830 /* AlphaBeta.framework */,
			);
			name = Products;
			sourceTree = "<group>";
		};
		29B97314FDCFA39411CA2CEA /* Desdemona */ = {
			isa = PBXGroup;
			children = (
				53350E350BC07C3800E83830 /* AlphaBeta.xcodeproj */,
				080E96DDFE201D6D7F000001 /* Classes */,
				29B97315FDCFA39411CA2CEA /* Other Sources */,
				29B97317FDCFA39411CA2CEA /* Resources */,
				29B97323FDCFA39411CA2CEA /* Frameworks */,
				19C28FACFE9D520D11CA2CBB /* Products */,
			);
			name = Desdemona;
			sourceTree = "<group>";
		};
		29B97315FDCFA39411CA2CEA /* Other Sources */ = {
			isa = PBXGroup;
			children = (
				32CA4F630368D1EE00C91783 /* Desdemona_Prefix.pch */,
				29B97316FDCFA39411CA2CEA /* main.m */,
			);
			name = "Other Sources";
			sourceTree = "<group>";
		};
		29B97317FDCFA39411CA2CEA /* Resources */ = {
			isa = PBXGroup;
			children = (
				5307C7A80BED2F8300AD99B2 /* Credits.rtf */,
				535024CC0B3ACD370012DAE7 /* classic.png */,
				8D1107310486CEB800E47090 /* Info.plist */,
				089C165CFE840E0CC02AAC07 /* InfoPlist.strings */,
				29B97318FDCFA39411CA2CEA /* MainMenu.nib */,
			);
			name = Resources;
			sourceTree = "<group>";
		};
		29B97323FDCFA39411CA2CEA /* Frameworks */ = {
			isa = PBXGroup;
			children = (
				1058C7A0FEA54F0111CA2CBB /* Linked Frameworks */,
				1058C7A2FEA54F0111CA2CBB /* Other Frameworks */,
			);
			name = Frameworks;
			sourceTree = "<group>";
		};
		5362B22E0C8A2BDB005A0C19 /* Products */ = {
			isa = PBXGroup;
			children = (
				5362B2360C8A2BDB005A0C19 /* AlphaBeta.framework */,
				5362B2380C8A2BDB005A0C19 /* SBReversi.framework */,
				5362B23A0C8A2BDB005A0C19 /* TTT.framework */,
				5362B23C0C8A2BDB005A0C19 /* Tests.octest */,
				5362B23E0C8A2BDB005A0C19 /* ReversiProfile */,
			);
			name = Products;
			sourceTree = "<group>";
		};
/* End PBXGroup section */

/* Begin PBXNativeTarget section */
		8D1107260486CEB800E47090 /* Desdemona */ = {
			isa = PBXNativeTarget;
			buildConfigurationList = C01FCF4A08A954540054247B /* Build configuration list for PBXNativeTarget "Desdemona" */;
			buildPhases = (
				8D1107290486CEB800E47090 /* Resources */,
				8D11072C0486CEB800E47090 /* Sources */,
				8D11072E0486CEB800E47090 /* Frameworks */,
				535026150B3AFC8B0012DAE7 /* CopyFiles */,
			);
			buildRules = (
			);
			dependencies = (
				5362B25B0C8A2D3D005A0C19 /* PBXTargetDependency */,
				5362B25D0C8A2D3D005A0C19 /* PBXTargetDependency */,
			);
			name = Desdemona;
			productInstallPath = "$(HOME)/Applications";
			productName = Desdemona;
			productReference = 8D1107320486CEB800E47090 /* Desdemona.app */;
			productType = "com.apple.product-type.application";
		};
/* End PBXNativeTarget section */

/* Begin PBXProject section */
		29B97313FDCFA39411CA2CEA /* Project object */ = {
			isa = PBXProject;
			buildConfigurationList = C01FCF4E08A954540054247B /* Build configuration list for PBXProject "Desdemona" */;
			compatibilityVersion = "Xcode 2.4";
			hasScannedForEncodings = 1;
			mainGroup = 29B97314FDCFA39411CA2CEA /* Desdemona */;
			projectDirPath = "";
			projectReferences = (
				{
					ProductGroup = 5362B22E0C8A2BDB005A0C19 /* Products */;
					ProjectRef = 53350E350BC07C3800E83830 /* AlphaBeta.xcodeproj */;
				},
			);
			projectRoot = "";
			targets = (
				8D1107260486CEB800E47090 /* Desdemona */,
			);
		};
/* End PBXProject section */

/* Begin PBXReferenceProxy section */
		5362B2360C8A2BDB005A0C19 /* AlphaBeta.framework */ = {
			isa = PBXReferenceProxy;
			fileType = wrapper.framework;
			path = AlphaBeta.framework;
			remoteRef = 5362B2350C8A2BDB005A0C19 /* PBXContainerItemProxy */;
			sourceTree = BUILT_PRODUCTS_DIR;
		};
		5362B2380C8A2BDB005A0C19 /* SBReversi.framework */ = {
			isa = PBXReferenceProxy;
			fileType = wrapper.framework;
			path = SBReversi.framework;
			remoteRef = 5362B2370C8A2BDB005A0C19 /* PBXContainerItemProxy */;
			sourceTree = BUILT_PRODUCTS_DIR;
		};
		5362B23A0C8A2BDB005A0C19 /* TTT.framework */ = {
			isa = PBXReferenceProxy;
			fileType = wrapper.framework;
			path = TTT.framework;
			remoteRef = 5362B2390C8A2BDB005A0C19 /* PBXContainerItemProxy */;
			sourceTree = BUILT_PRODUCTS_DIR;
		};
		5362B23C0C8A2BDB005A0C19 /* Tests.octest */ = {
			isa = PBXReferenceProxy;
			fileType = wrapper.cfbundle;
			path = Tests.octest;
			remoteRef = 5362B23B0C8A2BDB005A0C19 /* PBXContainerItemProxy */;
			sourceTree = BUILT_PRODUCTS_DIR;
		};
		5362B23E0C8A2BDB005A0C19 /* ReversiProfile */ = {
			isa = PBXReferenceProxy;
			fileType = "compiled.mach-o.executable";
			path = ReversiProfile;
			remoteRef = 5362B23D0C8A2BDB005A0C19 /* PBXContainerItemProxy */;
			sourceTree = BUILT_PRODUCTS_DIR;
		};
/* End PBXReferenceProxy section */

/* Begin PBXResourcesBuildPhase section */
		8D1107290486CEB800E47090 /* Resources */ = {
			isa = PBXResourcesBuildPhase;
			buildActionMask = 2147483647;
			files = (
				8D11072A0486CEB800E47090 /* MainMenu.nib in Resources */,
				8D11072B0486CEB800E47090 /* InfoPlist.strings in Resources */,
				535024D00B3ACD370012DAE7 /* classic.png in Resources */,
				5307C7A90BED2F8300AD99B2 /* Credits.rtf in Resources */,
			);
			runOnlyForDeploymentPostprocessing = 0;
		};
/* End PBXResourcesBuildPhase section */

/* Begin PBXSourcesBuildPhase section */
		8D11072C0486CEB800E47090 /* Sources */ = {
			isa = PBXSourcesBuildPhase;
			buildActionMask = 2147483647;
			files = (
				8D11072D0486CEB800E47090 /* main.m in Sources */,
				535024F10B3ACE7A0012DAE7 /* Desdemona.m in Sources */,
				E7D0C03E0CBFA2F3002BD434 /* NSImage+Tiles.m in Sources */,
				E7F02D040CFDCF8600C78120 /* DesdemonaState.m in Sources */,
				E7F02D090CFDD37900C78120 /* ComputerTurn.m in Sources */,
				E7F02D0B0CFDD46200C78120 /* HumanTurn.m in Sources */,
			);
			runOnlyForDeploymentPostprocessing = 0;
		};
/* End PBXSourcesBuildPhase section */

/* Begin PBXTargetDependency section */
		5362B25B0C8A2D3D005A0C19 /* PBXTargetDependency */ = {
			isa = PBXTargetDependency;
			name = AlphaBeta;
			targetProxy = 5362B25A0C8A2D3D005A0C19 /* PBXContainerItemProxy */;
		};
		5362B25D0C8A2D3D005A0C19 /* PBXTargetDependency */ = {
			isa = PBXTargetDependency;
			name = SBReversi;
			targetProxy = 5362B25C0C8A2D3D005A0C19 /* PBXContainerItemProxy */;
		};
/* End PBXTargetDependency section */

/* Begin PBXVariantGroup section */
		089C165CFE840E0CC02AAC07 /* InfoPlist.strings */ = {
			isa = PBXVariantGroup;
			children = (
				089C165DFE840E0CC02AAC07 /* English */,
			);
			name = InfoPlist.strings;
			sourceTree = "<group>";
		};
		29B97318FDCFA39411CA2CEA /* MainMenu.nib */ = {
			isa = PBXVariantGroup;
			children = (
				29B97319FDCFA39411CA2CEA /* English */,
			);
			name = MainMenu.nib;
			sourceTree = "<group>";
		};
/* End PBXVariantGroup section */

/* Begin XCBuildConfiguration section */
		C01FCF4B08A954540054247B /* Debug */ = {
			isa = XCBuildConfiguration;
			buildSettings = {
				COPY_PHASE_STRIP = NO;
				CURRENT_PROJECT_VERSION = 0.5;
				FRAMEWORK_SEARCH_PATHS = "$(inherited)";
				GCC_DYNAMIC_NO_PIC = NO;
				GCC_ENABLE_FIX_AND_CONTINUE = YES;
				GCC_MODEL_TUNING = G5;
				GCC_OPTIMIZATION_LEVEL = 0;
				INFOPLIST_FILE = Info.plist;
				INSTALL_PATH = "$(HOME)/Applications";
				PRODUCT_NAME = Desdemona;
				VERSIONING_SYSTEM = "apple-generic";
				WRAPPER_EXTENSION = app;
				ZERO_LINK = YES;
			};
			name = Debug;
		};
		C01FCF4C08A954540054247B /* Release */ = {
			isa = XCBuildConfiguration;
			buildSettings = {
				ARCHS = (
					ppc,
					i386,
				);
				CURRENT_PROJECT_VERSION = 0.5;
				FRAMEWORK_SEARCH_PATHS = "$(inherited)";
				GCC_GENERATE_DEBUGGING_SYMBOLS = NO;
				GCC_MODEL_TUNING = G5;
				INFOPLIST_FILE = Info.plist;
				INSTALL_PATH = "$(HOME)/Applications";
				PRODUCT_NAME = Desdemona;
				VERSIONING_SYSTEM = "apple-generic";
				WRAPPER_EXTENSION = app;
			};
			name = Release;
		};
		C01FCF4F08A954540054247B /* Debug */ = {
			isa = XCBuildConfiguration;
			buildSettings = {
				GCC_C_LANGUAGE_STANDARD = gnu99;
				GCC_ENABLE_OBJC_EXCEPTIONS = YES;
				GCC_WARN_ABOUT_RETURN_TYPE = YES;
				GCC_WARN_UNUSED_VARIABLE = YES;
				OTHER_CFLAGS = "";
				PREBINDING = NO;
				SDKROOT = /Developer/SDKs/MacOSX10.4u.sdk;
			};
			name = Debug;
		};
		C01FCF5008A954540054247B /* Release */ = {
			isa = XCBuildConfiguration;
			buildSettings = {
				GCC_C_LANGUAGE_STANDARD = gnu99;
				GCC_ENABLE_OBJC_EXCEPTIONS = YES;
				GCC_WARN_ABOUT_RETURN_TYPE = YES;
				GCC_WARN_UNUSED_VARIABLE = YES;
				OTHER_CFLAGS = "";
				PREBINDING = NO;
				SDKROOT = /Developer/SDKs/MacOSX10.4u.sdk;
			};
			name = Release;
		};
/* End XCBuildConfiguration section */

/* Begin XCConfigurationList section */
		C01FCF4A08A954540054247B /* Build configuration list for PBXNativeTarget "Desdemona" */ = {
			isa = XCConfigurationList;
			buildConfigurations = (
				C01FCF4B08A954540054247B /* Debug */,
				C01FCF4C08A954540054247B /* Release */,
			);
			defaultConfigurationIsVisible = 0;
			defaultConfigurationName = Release;
		};
		C01FCF4E08A954540054247B /* Build configuration list for PBXProject "Desdemona" */ = {
			isa = XCConfigurationList;
			buildConfigurations = (
				C01FCF4F08A954540054247B /* Debug */,
				C01FCF5008A954540054247B /* Release */,
			);
			defaultConfigurationIsVisible = 0;
			defaultConfigurationName = Release;
		};
/* End XCConfigurationList section */
	};
	rootObject = 29B97313FDCFA39411CA2CEA /* Project object */;
}
